
Microsoft Visual Studio Solution File, Format Version 12.00
# Visual Studio Version 17
VisualStudioVersion = 17.11.35327.3
MinimumVisualStudioVersion = 10.0.40219.1
Project("{8BC9CEB8-8B4A-11D0-8D11-00A0C91BC942}") = "Projekt_cpp_ksiazka_z_przepisami", "Projekt_cpp_ksiazka_z_przepisami\Projekt_cpp_ksiazka_z_przepisami.vcxproj", "{4FA910D6-95AF-4469-9BCB-ED23465DF842}"
EndProject
Global
	GlobalSection(SolutionConfigurationPlatforms) = preSolution
		Debug|x64 = Debug|x64
		Debug|x86 = Debug|x86
		Release|x64 = Release|x64
		Release|x86 = Release|x86
	EndGlobalSection
	GlobalSection(ProjectConfigurationPlatforms) = postSolution
		{4FA910D6-95AF-4469-9BCB-ED23465DF842}.Debug|x64.ActiveCfg = Debug|x64
		{4FA910D6-95AF-4469-9BCB-ED23465DF842}.Debug|x64.Build.0 = Debug|x64
		{4FA910D6-95AF-4469-9BCB-ED23465DF842}.Debug|x86.ActiveCfg = Debug|Win32
		{4FA910D6-95AF-4469-9BCB-ED23465DF842}.Debug|x86.Build.0 = Debug|Win32
		{4FA910D6-95AF-4469-9BCB-ED23465DF842}.Release|x64.ActiveCfg = Release|x64
		{4FA910D6-95AF-4469-9BCB-ED23465DF842}.Release|x64.Build.0 = Release|x64
		{4FA910D6-95AF-4469-9BCB-ED23465DF842}.Release|x86.ActiveCfg = Release|Win32
		{4FA910D6-95AF-4469-9BCB-ED23465DF842}.Release|x86.Build.0 = Release|Win32
	EndGlobalSection
	GlobalSection(SolutionProperties) = preSolution
		HideSolutionNode = FALSE
	EndGlobalSection
	GlobalSection(ExtensibilityGlobals) = postSolution
		SolutionGuid = {36026C1A-7CF7-404E-8113-A84CB86042C2}
	EndGlobalSection
EndGlobal
